
Microsoft Visual Studio Solution File, Format Version 12.00
# Visual Studio 15
VisualStudioVersion = 15.0.28010.2016
MinimumVisualStudioVersion = 10.0.40219.1
Project("{FAE04EC0-301F-11D3-BF4B-00C04F79EFBC}") = "SD_Lab2", "SD_Lab2\SD_Lab2.csproj", "{1AD2585E-4ADE-4E4C-A45E-4FCAFC3560DE}"
EndProject
Project("{FAE04EC0-301F-11D3-BF4B-00C04F79EFBC}") = "ConsoleTest", "ConsoleTest\ConsoleTest.csproj", "{D91F7687-6110-44D1-837F-BB552E5361F0}"
EndProject
Global
	GlobalSection(SolutionConfigurationPlatforms) = preSolution
		Debug|Any CPU = Debug|Any CPU
		Release|Any CPU = Release|Any CPU
	EndGlobalSection
	GlobalSection(ProjectConfigurationPlatforms) = postSolution
		{1AD2585E-4ADE-4E4C-A45E-4FCAFC3560DE}.Debug|Any CPU.ActiveCfg = Debug|Any CPU
		{1AD2585E-4ADE-4E4C-A45E-4FCAFC3560DE}.Debug|Any CPU.Build.0 = Debug|Any CPU
		{1AD2585E-4ADE-4E4C-A45E-4FCAFC3560DE}.Release|Any CPU.ActiveCfg = Release|Any CPU
		{1AD2585E-4ADE-4E4C-A45E-4FCAFC3560DE}.Release|Any CPU.Build.0 = Release|Any CPU
		{D91F7687-6110-44D1-837F-BB552E5361F0}.Debug|Any CPU.ActiveCfg = Debug|Any CPU
		{D91F7687-6110-44D1-837F-BB552E5361F0}.Debug|Any CPU.Build.0 = Debug|Any CPU
		{D91F7687-6110-44D1-837F-BB552E5361F0}.Release|Any CPU.ActiveCfg = Release|Any CPU
		{D91F7687-6110-44D1-837F-BB552E5361F0}.Release|Any CPU.Build.0 = Release|Any CPU
	EndGlobalSection
	GlobalSection(SolutionProperties) = preSolution
		HideSolutionNode = FALSE
	EndGlobalSection
	GlobalSection(ExtensibilityGlobals) = postSolution
		SolutionGuid = {867495F7-FDA2-4D3B-9D3B-817240076EB1}
	EndGlobalSection
EndGlobal
